{
  "name": "tictactoe",
  "version": "1.0.0",
  "lockfileVersion": 1,
  "dependencies": {
    "bindings": {
      "version": "1.2.1",
      "resolved": "https://registry.npmjs.org/bindings/-/bindings-1.2.1.tgz",
      "integrity": "sha1-FK1hE4EtLTfXLme0ystLtyZQXxE="
    },
    "console.table": {
      "version": "0.8.0",
      "resolved": "https://registry.npmjs.org/console.table/-/console.table-0.8.0.tgz",
      "integrity": "sha1-aekdLqv8ztmgyHfqZwslHGvb018="
    },
    "easy-table": {
      "version": "1.0.0",
      "resolved": "https://registry.npmjs.org/easy-table/-/easy-table-1.0.0.tgz",
      "integrity": "sha1-KdstCFXTYxbkOC5aPYXZy1/JMhY="
    },
    "nan": {
      "version": "2.6.2",
      "resolved": "https://registry.npmjs.org/nan/-/nan-2.6.2.tgz",
      "integrity": "sha1-5P805slf37WuzAjeZZb0NgWn20U="
    },
    "syncprompt": {
      "version": "1.0.3",
      "resolved": "https://registry.npmjs.org/syncprompt/-/syncprompt-1.0.3.tgz",
      "integrity": "sha1-hS5erTyTRm4XlKYacXwzV3vsxBk="
    }
  }
}
